
Microsoft Visual Studio Solution File, Format Version 12.00
# Visual Studio 2012
Project("{FAE04EC0-301F-11D3-BF4B-00C04F79EFBC}") = "Chesset_01", "Chesset_01\Chesset_01.csproj", "{3322EA79-7DAA-4265-AE52-9E109D339F2E}"
EndProject
Global
	GlobalSection(SolutionConfigurationPlatforms) = preSolution
		Debug|Any CPU = Debug|Any CPU
		Release|Any CPU = Release|Any CPU
	EndGlobalSection
	GlobalSection(ProjectConfigurationPlatforms) = postSolution
		{3322EA79-7DAA-4265-AE52-9E109D339F2E}.Debug|Any CPU.ActiveCfg = Debug|Any CPU
		{3322EA79-7DAA-4265-AE52-9E109D339F2E}.Debug|Any CPU.Build.0 = Debug|Any CPU
		{3322EA79-7DAA-4265-AE52-9E109D339F2E}.Release|Any CPU.ActiveCfg = Release|Any CPU
		{3322EA79-7DAA-4265-AE52-9E109D339F2E}.Release|Any CPU.Build.0 = Release|Any CPU
	EndGlobalSection
	GlobalSection(SolutionProperties) = preSolution
		HideSolutionNode = FALSE
	EndGlobalSection
EndGlobal
